
Microsoft Visual Studio Solution File, Format Version 12.00
# Visual Studio Version 17
VisualStudioVersion = 17.8.34408.163
MinimumVisualStudioVersion = 10.0.40219.1
Project("{9A19103F-16F7-4668-BE54-9A1E7A4F7556}") = "SoundShareHub", "SoundShareHub\SoundShareHub.csproj", "{88A5BA2F-88FD-4243-BEF6-4190734A9519}"
EndProject
Global
	GlobalSection(SolutionConfigurationPlatforms) = preSolution
		Debug|Any CPU = Debug|Any CPU
		Release|Any CPU = Release|Any CPU
	EndGlobalSection
	GlobalSection(ProjectConfigurationPlatforms) = postSolution
		{88A5BA2F-88FD-4243-BEF6-4190734A9519}.Debug|Any CPU.ActiveCfg = Debug|Any CPU
		{88A5BA2F-88FD-4243-BEF6-4190734A9519}.Debug|Any CPU.Build.0 = Debug|Any CPU
		{88A5BA2F-88FD-4243-BEF6-4190734A9519}.Release|Any CPU.ActiveCfg = Release|Any CPU
		{88A5BA2F-88FD-4243-BEF6-4190734A9519}.Release|Any CPU.Build.0 = Release|Any CPU
	EndGlobalSection
	GlobalSection(SolutionProperties) = preSolution
		HideSolutionNode = FALSE
	EndGlobalSection
	GlobalSection(ExtensibilityGlobals) = postSolution
		SolutionGuid = {A0B7C05B-4567-40DA-9051-63362882C0B3}
	EndGlobalSection
EndGlobal
